PODS:
  - AltHanekeSwift (0.22.0)
  - HanekeObjc (0.26.0):
    - AltHanekeSwift (>= 0.21.0)
  - Kiwi (3.0.0)
  - leveldb-library (1.18.3)
  - Objective-LevelDB (2.1.5):
    - leveldb-library (~> 1.18.2)
  - ReactiveCache (0.38.0):
    - HanekeObjc (>= 0.26.0)
    - ReactiveObjC
  - ReactiveLevelCache (0.10.0):
    - Objective-LevelDB
    - ReactiveCache (>= 0.37.0)
  - ReactiveObjC (3.1.1)

DEPENDENCIES:
  - Kiwi
  - ReactiveLevelCache (from `../`)

SPEC REPOS:
  trunk:
    - AltHanekeSwift
    - HanekeObjc
    - Kiwi
    - leveldb-library
    - Objective-LevelDB
    - ReactiveCache
    - ReactiveObjC

EXTERNAL SOURCES:
  ReactiveLevelCache:
    :path: "../"

SPEC CHECKSUMS:
  AltHanekeSwift: 2301ad7729ed2e8432044fb38d683a99fd5e4a06
  HanekeObjc: 1aa49408f93477cbcbd08d46d05bcf093baf2622
  Kiwi: fbeafef0f00e4d8f7dcb3420a4930afe70af77f7
  leveldb-library: 10fb39c39e243db4af1828441162405bbcec1404
  Objective-LevelDB: fa075efd9d0be645aee51847cc3ee70cdadb80ce
  ReactiveCache: cdb5da8161584dfb35baf80fdc7130cad14266fa
  ReactiveLevelCache: 7217ced1a7de8a81879b9a68d524224f598539ea
  ReactiveObjC: 011caa393aa0383245f2dcf9bf02e86b80b36040

PODFILE CHECKSUM: e38344cd994fd18be45894c78edb84b5892312fc

COCOAPODS: 1.9.3
