PODS:
  - AltHanekeSwift (0.11.0)
  - HanekeObjc (0.14.0):
    - AltHanekeSwift
  - Kiwi (2.4.0)
  - leveldb-library (1.18.2)
  - Objective-LevelDB (2.1.5):
    - leveldb-library (~> 1.18.2)
  - ReactiveCache (0.17.0):
    - HanekeObjc
    - ReactiveCocoa (~> 2.0)
  - ReactiveCocoa (2.5):
    - ReactiveCocoa/UI (= 2.5)
  - ReactiveCocoa/Core (2.5):
    - ReactiveCocoa/no-arc
  - ReactiveCocoa/no-arc (2.5)
  - ReactiveCocoa/UI (2.5):
    - ReactiveCocoa/Core
  - ReactiveLevelCache (0.2.0):
    - Objective-LevelDB
    - ReactiveCache
    - StandardPaths
  - StandardPaths (1.6.4)

DEPENDENCIES:
  - Kiwi
  - ReactiveLevelCache (from `../`)

EXTERNAL SOURCES:
  ReactiveLevelCache:
    :path: "../"

SPEC CHECKSUMS:
  AltHanekeSwift: b4eced5890960110d7fa6e251f2029ce6a8c8002
  HanekeObjc: 02ea44876e51ba1333db43e26ad41d9c763425a8
  Kiwi: f49c9d54b28917df5928fe44968a39ed198cb8a8
  leveldb-library: ef0453697c0fda3a9e550e5650e52976e6724548
  Objective-LevelDB: fa075efd9d0be645aee51847cc3ee70cdadb80ce
  ReactiveCache: f0df0547bafbc5b596c47822821833e90ff89cec
  ReactiveCocoa: e2db045570aa97c695e7aa97c2bcab222ae51f4a
  ReactiveLevelCache: 40c2bd0cc0896d6ebea55a40ee073ed372e88410
  StandardPaths: d5c7fadc9ea4327e460a19052d5a18cfbffa689d

PODFILE CHECKSUM: a5839102b60bb38654ec097bb0aac345696de253

COCOAPODS: 1.0.1
