PODS:
  - AltHanekeSwift (0.19.0)
  - HanekeObjc (0.25.0):
    - AltHanekeSwift (> 0.17.0)
  - Kiwi (3.0.0)
  - leveldb-library (1.18.3)
  - Objective-LevelDB (2.1.5):
    - leveldb-library (~> 1.18.2)
  - ReactiveCache (0.33.0):
    - HanekeObjc
    - ReactiveObjC
  - ReactiveLevelCache (0.6.0):
    - Objective-LevelDB
    - ReactiveCache
    - StandardPaths
  - ReactiveObjC (3.1.1)
  - StandardPaths (1.6.6)

DEPENDENCIES:
  - Kiwi
  - ReactiveLevelCache (from `../`)

SPEC REPOS:
  https://github.com/cocoapods/specs.git:
    - AltHanekeSwift
    - HanekeObjc
    - Kiwi
    - leveldb-library
    - Objective-LevelDB
    - ReactiveCache
    - ReactiveObjC
    - StandardPaths

EXTERNAL SOURCES:
  ReactiveLevelCache:
    :path: "../"

SPEC CHECKSUMS:
  AltHanekeSwift: e65233d73e92197b245fd43720fd7ad37c9ea82e
  HanekeObjc: 0e8c921ebe4f82aef73f288c956a1fa1aa00ae4f
  Kiwi: fbeafef0f00e4d8f7dcb3420a4930afe70af77f7
  leveldb-library: 10fb39c39e243db4af1828441162405bbcec1404
  Objective-LevelDB: fa075efd9d0be645aee51847cc3ee70cdadb80ce
  ReactiveCache: 9498a91f8c1234ca5b8e9444dbb6b3c712f22688
  ReactiveLevelCache: 861bb15b46fd3be61369cdcb36b1472389fda173
  ReactiveObjC: 011caa393aa0383245f2dcf9bf02e86b80b36040
  StandardPaths: fb0dfc241d3e99ecabd7d1adec965b20d1b9bd1a

PODFILE CHECKSUM: a5839102b60bb38654ec097bb0aac345696de253

COCOAPODS: 1.6.1
